
Microsoft Visual Studio Solution File, Format Version 12.00
Project("{FAE04EC0-301F-11D3-BF4B-00C04F79EFBC}") = "ComwellWeb", "ComwellWeb\ComwellWeb.csproj", "{C59CFC2D-AEDC-48AC-A583-E03C78B8D9A2}"
EndProject
Project("{FAE04EC0-301F-11D3-BF4B-00C04F79EFBC}") = "API", "API\API.csproj", "{3ADE7B0D-B4A0-4262-97E6-322A1587A7ED}"
EndProject
Project("{FAE04EC0-301F-11D3-BF4B-00C04F79EFBC}") = "Core", "Core\Core.csproj", "{8BFCFC7A-FD11-4A67-B628-654B1132B1C1}"
EndProject
Global
	GlobalSection(SolutionConfigurationPlatforms) = preSolution
		Debug|Any CPU = Debug|Any CPU
		Release|Any CPU = Release|Any CPU
	EndGlobalSection
	GlobalSection(ProjectConfigurationPlatforms) = postSolution
		{C59CFC2D-AEDC-48AC-A583-E03C78B8D9A2}.Debug|Any CPU.ActiveCfg = Debug|Any CPU
		{C59CFC2D-AEDC-48AC-A583-E03C78B8D9A2}.Debug|Any CPU.Build.0 = Debug|Any CPU
		{C59CFC2D-AEDC-48AC-A583-E03C78B8D9A2}.Release|Any CPU.ActiveCfg = Release|Any CPU
		{C59CFC2D-AEDC-48AC-A583-E03C78B8D9A2}.Release|Any CPU.Build.0 = Release|Any CPU
		{3ADE7B0D-B4A0-4262-97E6-322A1587A7ED}.Debug|Any CPU.ActiveCfg = Debug|Any CPU
		{3ADE7B0D-B4A0-4262-97E6-322A1587A7ED}.Debug|Any CPU.Build.0 = Debug|Any CPU
		{3ADE7B0D-B4A0-4262-97E6-322A1587A7ED}.Release|Any CPU.ActiveCfg = Release|Any CPU
		{3ADE7B0D-B4A0-4262-97E6-322A1587A7ED}.Release|Any CPU.Build.0 = Release|Any CPU
		{8BFCFC7A-FD11-4A67-B628-654B1132B1C1}.Debug|Any CPU.ActiveCfg = Debug|Any CPU
		{8BFCFC7A-FD11-4A67-B628-654B1132B1C1}.Debug|Any CPU.Build.0 = Debug|Any CPU
		{8BFCFC7A-FD11-4A67-B628-654B1132B1C1}.Release|Any CPU.ActiveCfg = Release|Any CPU
		{8BFCFC7A-FD11-4A67-B628-654B1132B1C1}.Release|Any CPU.Build.0 = Release|Any CPU
	EndGlobalSection
EndGlobal
